// !$*UTF8*$!
{
	archiveVersion = 1;
	classes = {
	};
	objectVersion = 56;
	objects = {

/* Begin PBXBuildFile section */
		3C50278C2C30520C00A493F2 /* AppDelegate.swift in Sources */ = {isa = PBXBuildFile; fileRef = 3C50278B2C30520C00A493F2 /* AppDelegate.swift */; };
		3C50278E2C30520C00A493F2 /* SceneDelegate.swift in Sources */ = {isa = PBXBuildFile; fileRef = 3C50278D2C30520C00A493F2 /* SceneDelegate.swift */; };
		3C5027902C30520C00A493F2 /* ViewController.swift in Sources */ = {isa = PBXBuildFile; fileRef = 3C50278F2C30520C00A493F2 /* ViewController.swift */; };
		3C5027932C30520C00A493F2 /* Base in Resources */ = {isa = PBXBuildFile; fileRef = 3C5027922C30520C00A493F2 /* Base */; };
		3C5027952C30520E00A493F2 /* Assets.xcassets in Resources */ = {isa = PBXBuildFile; fileRef = 3C5027942C30520E00A493F2 /* Assets.xcassets */; };
		3C5027982C30520E00A493F2 /* Base in Resources */ = {isa = PBXBuildFile; fileRef = 3C5027972C30520E00A493F2 /* Base */; };
		3C5027A32C30520E00A493F2 /* UITableViewCustomCellStoryBoardTests.swift in Sources */ = {isa = PBXBuildFile; fileRef = 3C5027A22C30520E00A493F2 /* UITableViewCustomCellStoryBoardTests.swift */; };
		3C5027AD2C30520E00A493F2 /* UITableViewCustomCellStoryBoardUITests.swift in Sources */ = {isa = PBXBuildFile; fileRef = 3C5027AC2C30520E00A493F2 /* UITableViewCustomCellStoryBoardUITests.swift */; };
		3C5027AF2C30520E00A493F2 /* UITableViewCustomCellStoryBoardUITestsLaunchTests.swift in Sources */ = {isa = PBXBuildFile; fileRef = 3C5027AE2C30520E00A493F2 /* UITableViewCustomCellStoryBoardUITestsLaunchTests.swift */; };
		3C5027BD2C30549100A493F2 /* CustomTableViewCell.xib in Resources */ = {isa = PBXBuildFile; fileRef = 3C5027BC2C30549100A493F2 /* CustomTableViewCell.xib */; };
		3C5027BE2C30549100A493F2 /* CustomTableViewCell.swift in Sources */ = {isa = PBXBuildFile; fileRef = 3C5027BB2C30549100A493F2 /* CustomTableViewCell.swift */; };
/* End PBXBuildFile section */

/* Begin PBXContainerItemProxy section */
		3C50279F2C30520E00A493F2 /* PBXContainerItemProxy */ = {
			isa = PBXContainerItemProxy;
			containerPortal = 3C5027802C30520C00A493F2 /* Project object */;
			proxyType = 1;
			remoteGlobalIDString = 3C5027872C30520C00A493F2;
			remoteInfo = UITableViewCustomCellStoryBoard;
		};
		3C5027A92C30520E00A493F2 /* PBXContainerItemProxy */ = {
			isa = PBXContainerItemProxy;
			containerPortal = 3C5027802C30520C00A493F2 /* Project object */;
			proxyType = 1;
			remoteGlobalIDString = 3C5027872C30520C00A493F2;
			remoteInfo = UITableViewCustomCellStoryBoard;
		};
/* End PBXContainerItemProxy section */

/* Begin PBXFileReference section */
		3C5027882C30520C00A493F2 /* UITableViewCustomCellStoryBoard.app */ = {isa = PBXFileReference; explicitFileType = wrapper.application; includeInIndex = 0; path = UITableViewCustomCellStoryBoard.app; sourceTree = BUILT_PRODUCTS_DIR; };
		3C50278B2C30520C00A493F2 /* AppDelegate.swift */ = {isa = PBXFileReference; lastKnownFileType = sourcecode.swift; path = AppDelegate.swift; sourceTree = "<group>"; };
		3C50278D2C30520C00A493F2 /* SceneDelegate.swift */ = {isa = PBXFileReference; lastKnownFileType = sourcecode.swift; path = SceneDelegate.swift; sourceTree = "<group>"; };
		3C50278F2C30520C00A493F2 /* ViewController.swift */ = {isa = PBXFileReference; lastKnownFileType = sourcecode.swift; path = ViewController.swift; sourceTree = "<group>"; };
		3C5027922C30520C00A493F2 /* Base */ = {isa = PBXFileReference; lastKnownFileType = file.storyboard; name = Base; path = Base.lproj/Main.storyboard; sourceTree = "<group>"; };
		3C5027942C30520E00A493F2 /* Assets.xcassets */ = {isa = PBXFileReference; lastKnownFileType = folder.assetcatalog; path = Assets.xcassets; sourceTree = "<group>"; };
		3C5027972C30520E00A493F2 /* Base */ = {isa = PBXFileReference; lastKnownFileType = file.storyboard; name = Base; path = Base.lproj/LaunchScreen.storyboard; sourceTree = "<group>"; };
		3C5027992C30520E00A493F2 /* Info.plist */ = {isa = PBXFileReference; lastKnownFileType = text.plist.xml; path = Info.plist; sourceTree = "<group>"; };
		3C50279E2C30520E00A493F2 /* UITableViewCustomCellStoryBoardTests.xctest */ = {isa = PBXFileReference; explicitFileType = wrapper.cfbundle; includeInIndex = 0; path = UITableViewCustomCellStoryBoardTests.xctest; sourceTree = BUILT_PRODUCTS_DIR; };
		3C5027A22C30520E00A493F2 /* UITableViewCustomCellStoryBoardTests.swift */ = {isa = PBXFileReference; lastKnownFileType = sourcecode.swift; path = UITableViewCustomCellStoryBoardTests.swift; sourceTree = "<group>"; };
		3C5027A82C30520E00A493F2 /* UITableViewCustomCellStoryBoardUITests.xctest */ = {isa = PBXFileReference; explicitFileType = wrapper.cfbundle; includeInIndex = 0; path = UITableViewCustomCellStoryBoardUITests.xctest; sourceTree = BUILT_PRODUCTS_DIR; };
		3C5027AC2C30520E00A493F2 /* UITableViewCustomCellStoryBoardUITests.swift */ = {isa = PBXFileReference; lastKnownFileType = sourcecode.swift; path = UITableViewCustomCellStoryBoardUITests.swift; sourceTree = "<group>"; };
		3C5027AE2C30520E00A493F2 /* UITableViewCustomCellStoryBoardUITestsLaunchTests.swift */ = {isa = PBXFileReference; lastKnownFileType = sourcecode.swift; path = UITableViewCustomCellStoryBoardUITestsLaunchTests.swift; sourceTree = "<group>"; };
		3C5027BB2C30549100A493F2 /* CustomTableViewCell.swift */ = {isa = PBXFileReference; lastKnownFileType = sourcecode.swift; path = CustomTableViewCell.swift; sourceTree = "<group>"; };
		3C5027BC2C30549100A493F2 /* CustomTableViewCell.xib */ = {isa = PBXFileReference; lastKnownFileType = file.xib; path = CustomTableViewCell.xib; sourceTree = "<group>"; };
/* End PBXFileReference section */

/* Begin PBXFrameworksBuildPhase section */
		3C5027852C30520C00A493F2 /* Frameworks */ = {
			isa = PBXFrameworksBuildPhase;
			buildActionMask = 2147483647;
			files = (
			);
			runOnlyForDeploymentPostprocessing = 0;
		};
		3C50279B2C30520E00A493F2 /* Frameworks */ = {
			isa = PBXFrameworksBuildPhase;
			buildActionMask = 2147483647;
			files = (
			);
			runOnlyForDeploymentPostprocessing = 0;
		};
		3C5027A52C30520E00A493F2 /* Frameworks */ = {
			isa = PBXFrameworksBuildPhase;
			buildActionMask = 2147483647;
			files = (
			);
			runOnlyForDeploymentPostprocessing = 0;
		};
/* End PBXFrameworksBuildPhase section */

/* Begin PBXGroup section */
		3C50277F2C30520C00A493F2 = {
			isa = PBXGroup;
			children = (
				3C50278A2C30520C00A493F2 /* UITableViewCustomCellStoryBoard */,
				3C5027A12C30520E00A493F2 /* UITableViewCustomCellStoryBoardTests */,
				3C5027AB2C30520E00A493F2 /* UITableViewCustomCellStoryBoardUITests */,
				3C5027892C30520C00A493F2 /* Products */,
			);
			sourceTree = "<group>";
		};
		3C5027892C30520C00A493F2 /* Products */ = {
			isa = PBXGroup;
			children = (
				3C5027882C30520C00A493F2 /* UITableViewCustomCellStoryBoard.app */,
				3C50279E2C30520E00A493F2 /* UITableViewCustomCellStoryBoardTests.xctest */,
				3C5027A82C30520E00A493F2 /* UITableViewCustomCellStoryBoardUITests.xctest */,
			);
			name = Products;
			sourceTree = "<group>";
		};
		3C50278A2C30520C00A493F2 /* UITableViewCustomCellStoryBoard */ = {
			isa = PBXGroup;
			children = (
				3C50278B2C30520C00A493F2 /* AppDelegate.swift */,
				3C50278D2C30520C00A493F2 /* SceneDelegate.swift */,
				3C50278F2C30520C00A493F2 /* ViewController.swift */,
				3C5027912C30520C00A493F2 /* Main.storyboard */,
				3C5027942C30520E00A493F2 /* Assets.xcassets */,
				3C5027962C30520E00A493F2 /* LaunchScreen.storyboard */,
				3C5027992C30520E00A493F2 /* Info.plist */,
				3C5027BB2C30549100A493F2 /* CustomTableViewCell.swift */,
				3C5027BC2C30549100A493F2 /* CustomTableViewCell.xib */,
			);
			path = UITableViewCustomCellStoryBoard;
			sourceTree = "<group>";
		};
		3C5027A12C30520E00A493F2 /* UITableViewCustomCellStoryBoardTests */ = {
			isa = PBXGroup;
			children = (
				3C5027A22C30520E00A493F2 /* UITableViewCustomCellStoryBoardTests.swift */,
			);
			path = UITableViewCustomCellStoryBoardTests;
			sourceTree = "<group>";
		};
		3C5027AB2C30520E00A493F2 /* UITableViewCustomCellStoryBoardUITests */ = {
			isa = PBXGroup;
			children = (
				3C5027AC2C30520E00A493F2 /* UITableViewCustomCellStoryBoardUITests.swift */,
				3C5027AE2C30520E00A493F2 /* UITableViewCustomCellStoryBoardUITestsLaunchTests.swift */,
			);
			path = UITableViewCustomCellStoryBoardUITests;
			sourceTree = "<group>";
		};
/* End PBXGroup section */

/* Begin PBXNativeTarget section */
		3C5027872C30520C00A493F2 /* UITableViewCustomCellStoryBoard */ = {
			isa = PBXNativeTarget;
			buildConfigurationList = 3C5027B22C30520E00A493F2 /* Build configuration list for PBXNativeTarget "UITableViewCustomCellStoryBoard" */;
			buildPhases = (
				3C5027842C30520C00A493F2 /* Sources */,
				3C5027852C30520C00A493F2 /* Frameworks */,
				3C5027862C30520C00A493F2 /* Resources */,
			);
			buildRules = (
			);
			dependencies = (
			);
			name = UITableViewCustomCellStoryBoard;
			productName = UITableViewCustomCellStoryBoard;
			productReference = 3C5027882C30520C00A493F2 /* UITableViewCustomCellStoryBoard.app */;
			productType = "com.apple.product-type.application";
		};
		3C50279D2C30520E00A493F2 /* UITableViewCustomCellStoryBoardTests */ = {
			isa = PBXNativeTarget;
			buildConfigurationList = 3C5027B52C30520E00A493F2 /* Build configuration list for PBXNativeTarget "UITableViewCustomCellStoryBoardTests" */;
			buildPhases = (
				3C50279A2C30520E00A493F2 /* Sources */,
				3C50279B2C30520E00A493F2 /* Frameworks */,
				3C50279C2C30520E00A493F2 /* Resources */,
			);
			buildRules = (
			);
			dependencies = (
				3C5027A02C30520E00A493F2 /* PBXTargetDependency */,
			);
			name = UITableViewCustomCellStoryBoardTests;
			productName = UITableViewCustomCellStoryBoardTests;
			productReference = 3C50279E2C30520E00A493F2 /* UITableViewCustomCellStoryBoardTests.xctest */;
			productType = "com.apple.product-type.bundle.unit-test";
		};
		3C5027A72C30520E00A493F2 /* UITableViewCustomCellStoryBoardUITests */ = {
			isa = PBXNativeTarget;
			buildConfigurationList = 3C5027B82C30520E00A493F2 /* Build configuration list for PBXNativeTarget "UITableViewCustomCellStoryBoardUITests" */;
			buildPhases = (
				3C5027A42C30520E00A493F2 /* Sources */,
				3C5027A52C30520E00A493F2 /* Frameworks */,
				3C5027A62C30520E00A493F2 /* Resources */,
			);
			buildRules = (
			);
			dependencies = (
				3C5027AA2C30520E00A493F2 /* PBXTargetDependency */,
			);
			name = UITableViewCustomCellStoryBoardUITests;
			productName = UITableViewCustomCellStoryBoardUITests;
			productReference = 3C5027A82C30520E00A493F2 /* UITableViewCustomCellStoryBoardUITests.xctest */;
			productType = "com.apple.product-type.bundle.ui-testing";
		};
/* End PBXNativeTarget section */

/* Begin PBXProject section */
		3C5027802C30520C00A493F2 /* Project object */ = {
			isa = PBXProject;
			attributes = {
				BuildIndependentTargetsInParallel = 1;
				LastSwiftUpdateCheck = 1540;
				LastUpgradeCheck = 1540;
				TargetAttributes = {
					3C5027872C30520C00A493F2 = {
						CreatedOnToolsVersion = 15.4;
					};
					3C50279D2C30520E00A493F2 = {
						CreatedOnToolsVersion = 15.4;
						TestTargetID = 3C5027872C30520C00A493F2;
					};
					3C5027A72C30520E00A493F2 = {
						CreatedOnToolsVersion = 15.4;
						TestTargetID = 3C5027872C30520C00A493F2;
					};
				};
			};
			buildConfigurationList = 3C5027832C30520C00A493F2 /* Build configuration list for PBXProject "UITableViewCustomCellStoryBoard" */;
			compatibilityVersion = "Xcode 14.0";
			developmentRegion = en;
			hasScannedForEncodings = 0;
			knownRegions = (
				en,
				Base,
			);
			mainGroup = 3C50277F2C30520C00A493F2;
			productRefGroup = 3C5027892C30520C00A493F2 /* Products */;
			projectDirPath = "";
			projectRoot = "";
			targets = (
				3C5027872C30520C00A493F2 /* UITableViewCustomCellStoryBoard */,
				3C50279D2C30520E00A493F2 /* UITableViewCustomCellStoryBoardTests */,
				3C5027A72C30520E00A493F2 /* UITableViewCustomCellStoryBoardUITests */,
			);
		};
/* End PBXProject section */

/* Begin PBXResourcesBuildPhase section */
		3C5027862C30520C00A493F2 /* Resources */ = {
			isa = PBXResourcesBuildPhase;
			buildActionMask = 2147483647;
			files = (
				3C5027952C30520E00A493F2 /* Assets.xcassets in Resources */,
				3C5027982C30520E00A493F2 /* Base in Resources */,
				3C5027BD2C30549100A493F2 /* CustomTableViewCell.xib in Resources */,
				3C5027932C30520C00A493F2 /* Base in Resources */,
			);
			runOnlyForDeploymentPostprocessing = 0;
		};
		3C50279C2C30520E00A493F2 /* Resources */ = {
			isa = PBXResourcesBuildPhase;
			buildActionMask = 2147483647;
			files = (
			);
			runOnlyForDeploymentPostprocessing = 0;
		};
		3C5027A62C30520E00A493F2 /* Resources */ = {
			isa = PBXResourcesBuildPhase;
			buildActionMask = 2147483647;
			files = (
			);
			runOnlyForDeploymentPostprocessing = 0;
		};
/* End PBXResourcesBuildPhase section */

/* Begin PBXSourcesBuildPhase section */
		3C5027842C30520C00A493F2 /* Sources */ = {
			isa = PBXSourcesBuildPhase;
			buildActionMask = 2147483647;
			files = (
				3C5027902C30520C00A493F2 /* ViewController.swift in Sources */,
				3C50278C2C30520C00A493F2 /* AppDelegate.swift in Sources */,
				3C5027BE2C30549100A493F2 /* CustomTableViewCell.swift in Sources */,
				3C50278E2C30520C00A493F2 /* SceneDelegate.swift in Sources */,
			);
			runOnlyForDeploymentPostprocessing = 0;
		};
		3C50279A2C30520E00A493F2 /* Sources */ = {
			isa = PBXSourcesBuildPhase;
			buildActionMask = 2147483647;
			files = (
				3C5027A32C30520E00A493F2 /* UITableViewCustomCellStoryBoardTests.swift in Sources */,
			);
			runOnlyForDeploymentPostprocessing = 0;
		};
		3C5027A42C30520E00A493F2 /* Sources */ = {
			isa = PBXSourcesBuildPhase;
			buildActionMask = 2147483647;
			files = (
				3C5027AF2C30520E00A493F2 /* UITableViewCustomCellStoryBoardUITestsLaunchTests.swift in Sources */,
				3C5027AD2C30520E00A493F2 /* UITableViewCustomCellStoryBoardUITests.swift in Sources */,
			);
			runOnlyForDeploymentPostprocessing = 0;
		};
/* End PBXSourcesBuildPhase section */

/* Begin PBXTargetDependency section */
		3C5027A02C30520E00A493F2 /* PBXTargetDependency */ = {
			isa = PBXTargetDependency;
			target = 3C5027872C30520C00A493F2 /* UITableViewCustomCellStoryBoard */;
			targetProxy = 3C50279F2C30520E00A493F2 /* PBXContainerItemProxy */;
		};
		3C5027AA2C30520E00A493F2 /* PBXTargetDependency */ = {
			isa = PBXTargetDependency;
			target = 3C5027872C30520C00A493F2 /* UITableViewCustomCellStoryBoard */;
			targetProxy = 3C5027A92C30520E00A493F2 /* PBXContainerItemProxy */;
		};
/* End PBXTargetDependency section */

/* Begin PBXVariantGroup section */
		3C5027912C30520C00A493F2 /* Main.storyboard */ = {
			isa = PBXVariantGroup;
			children = (
				3C5027922C30520C00A493F2 /* Base */,
			);
			name = Main.storyboard;
			sourceTree = "<group>";
		};
		3C5027962C30520E00A493F2 /* LaunchScreen.storyboard */ = {
			isa = PBXVariantGroup;
			children = (
				3C5027972C30520E00A493F2 /* Base */,
			);
			name = LaunchScreen.storyboard;
			sourceTree = "<group>";
		};
/* End PBXVariantGroup section */

/* Begin XCBuildConfiguration section */
		3C5027B02C30520E00A493F2 /* Debug */ = {
			isa = XCBuildConfiguration;
			buildSettings = {
				ALWAYS_SEARCH_USER_PATHS = NO;
				ASSETCATALOG_COMPILER_GENERATE_SWIFT_ASSET_SYMBOL_EXTENSIONS = YES;
				CLANG_ANALYZER_NONNULL = YES;
				CLANG_ANALYZER_NUMBER_OBJECT_CONVERSION = YES_AGGRESSIVE;
				CLANG_CXX_LANGUAGE_STANDARD = "gnu++20";
				CLANG_ENABLE_MODULES = YES;
				CLANG_ENABLE_OBJC_ARC = YES;
				CLANG_ENABLE_OBJC_WEAK = YES;
				CLANG_WARN_BLOCK_CAPTURE_AUTORELEASING = YES;
				CLANG_WARN_BOOL_CONVERSION = YES;
				CLANG_WARN_COMMA = YES;
				CLANG_WARN_CONSTANT_CONVERSION = YES;
				CLANG_WARN_DEPRECATED_OBJC_IMPLEMENTATIONS = YES;
				CLANG_WARN_DIRECT_OBJC_ISA_USAGE = YES_ERROR;
				CLANG_WARN_DOCUMENTATION_COMMENTS = YES;
				CLANG_WARN_EMPTY_BODY = YES;
				CLANG_WARN_ENUM_CONVERSION = YES;
				CLANG_WARN_INFINITE_RECURSION = YES;
				CLANG_WARN_INT_CONVERSION = YES;
				CLANG_WARN_NON_LITERAL_NULL_CONVERSION = YES;
				CLANG_WARN_OBJC_IMPLICIT_RETAIN_SELF = YES;
				CLANG_WARN_OBJC_LITERAL_CONVERSION = YES;
				CLANG_WARN_OBJC_ROOT_CLASS = YES_ERROR;
				CLANG_WARN_QUOTED_INCLUDE_IN_FRAMEWORK_HEADER = YES;
				CLANG_WARN_RANGE_LOOP_ANALYSIS = YES;
				CLANG_WARN_STRICT_PROTOTYPES = YES;
				CLANG_WARN_SUSPICIOUS_MOVE = YES;
				CLANG_WARN_UNGUARDED_AVAILABILITY = YES_AGGRESSIVE;
				CLANG_WARN_UNREACHABLE_CODE = YES;
				CLANG_WARN__DUPLICATE_METHOD_MATCH = YES;
				COPY_PHASE_STRIP = NO;
				DEBUG_INFORMATION_FORMAT = dwarf;
				ENABLE_STRICT_OBJC_MSGSEND = YES;
				ENABLE_TESTABILITY = YES;
				ENABLE_USER_SCRIPT_SANDBOXING = YES;
				GCC_C_LANGUAGE_STANDARD = gnu17;
				GCC_DYNAMIC_NO_PIC = NO;
				GCC_NO_COMMON_BLOCKS = YES;
				GCC_OPTIMIZATION_LEVEL = 0;
				GCC_PREPROCESSOR_DEFINITIONS = (
					"DEBUG=1",
					"$(inherited)",
				);
				GCC_WARN_64_TO_32_BIT_CONVERSION = YES;
				GCC_WARN_ABOUT_RETURN_TYPE = YES_ERROR;
				GCC_WARN_UNDECLARED_SELECTOR = YES;
				GCC_WARN_UNINITIALIZED_AUTOS = YES_AGGRESSIVE;
				GCC_WARN_UNUSED_FUNCTION = YES;
				GCC_WARN_UNUSED_VARIABLE = YES;
				IPHONEOS_DEPLOYMENT_TARGET = 17.5;
				LOCALIZATION_PREFERS_STRING_CATALOGS = YES;
				MTL_ENABLE_DEBUG_INFO = INCLUDE_SOURCE;
				MTL_FAST_MATH = YES;
				ONLY_ACTIVE_ARCH = YES;
				SDKROOT = iphoneos;
				SWIFT_ACTIVE_COMPILATION_CONDITIONS = "DEBUG $(inherited)";
				SWIFT_OPTIMIZATION_LEVEL = "-Onone";
			};
			name = Debug;
		};
		3C5027B12C30520E00A493F2 /* Release */ = {
			isa = XCBuildConfiguration;
			buildSettings = {
				ALWAYS_SEARCH_USER_PATHS = NO;
				ASSETCATALOG_COMPILER_GENERATE_SWIFT_ASSET_SYMBOL_EXTENSIONS = YES;
				CLANG_ANALYZER_NONNULL = YES;
				CLANG_ANALYZER_NUMBER_OBJECT_CONVERSION = YES_AGGRESSIVE;
				CLANG_CXX_LANGUAGE_STANDARD = "gnu++20";
				CLANG_ENABLE_MODULES = YES;
				CLANG_ENABLE_OBJC_ARC = YES;
				CLANG_ENABLE_OBJC_WEAK = YES;
				CLANG_WARN_BLOCK_CAPTURE_AUTORELEASING = YES;
				CLANG_WARN_BOOL_CONVERSION = YES;
				CLANG_WARN_COMMA = YES;
				CLANG_WARN_CONSTANT_CONVERSION = YES;
				CLANG_WARN_DEPRECATED_OBJC_IMPLEMENTATIONS = YES;
				CLANG_WARN_DIRECT_OBJC_ISA_USAGE = YES_ERROR;
				CLANG_WARN_DOCUMENTATION_COMMENTS = YES;
				CLANG_WARN_EMPTY_BODY = YES;
				CLANG_WARN_ENUM_CONVERSION = YES;
				CLANG_WARN_INFINITE_RECURSION = YES;
				CLANG_WARN_INT_CONVERSION = YES;
				CLANG_WARN_NON_LITERAL_NULL_CONVERSION = YES;
				CLANG_WARN_OBJC_IMPLICIT_RETAIN_SELF = YES;
				CLANG_WARN_OBJC_LITERAL_CONVERSION = YES;
				CLANG_WARN_OBJC_ROOT_CLASS = YES_ERROR;
				CLANG_WARN_QUOTED_INCLUDE_IN_FRAMEWORK_HEADER = YES;
				CLANG_WARN_RANGE_LOOP_ANALYSIS = YES;
				CLANG_WARN_STRICT_PROTOTYPES = YES;
				CLANG_WARN_SUSPICIOUS_MOVE = YES;
				CLANG_WARN_UNGUARDED_AVAILABILITY = YES_AGGRESSIVE;
				CLANG_WARN_UNREACHABLE_CODE = YES;
				CLANG_WARN__DUPLICATE_METHOD_MATCH = YES;
				COPY_PHASE_STRIP = NO;
				DEBUG_INFORMATION_FORMAT = "dwarf-with-dsym";
				ENABLE_NS_ASSERTIONS = NO;
				ENABLE_STRICT_OBJC_MSGSEND = YES;
				ENABLE_USER_SCRIPT_SANDBOXING = YES;
				GCC_C_LANGUAGE_STANDARD = gnu17;
				GCC_NO_COMMON_BLOCKS = YES;
				GCC_WARN_64_TO_32_BIT_CONVERSION = YES;
				GCC_WARN_ABOUT_RETURN_TYPE = YES_ERROR;
				GCC_WARN_UNDECLARED_SELECTOR = YES;
				GCC_WARN_UNINITIALIZED_AUTOS = YES_AGGRESSIVE;
				GCC_WARN_UNUSED_FUNCTION = YES;
				GCC_WARN_UNUSED_VARIABLE = YES;
				IPHONEOS_DEPLOYMENT_TARGET = 17.5;
				LOCALIZATION_PREFERS_STRING_CATALOGS = YES;
				MTL_ENABLE_DEBUG_INFO = NO;
				MTL_FAST_MATH = YES;
				SDKROOT = iphoneos;
				SWIFT_COMPILATION_MODE = wholemodule;
				VALIDATE_PRODUCT = YES;
			};
			name = Release;
		};
		3C5027B32C30520E00A493F2 /* Debug */ = {
			isa = XCBuildConfiguration;
			buildSettings = {
				ASSETCATALOG_COMPILER_APPICON_NAME = AppIcon;
				ASSETCATALOG_COMPILER_GLOBAL_ACCENT_COLOR_NAME = AccentColor;
				CODE_SIGN_STYLE = Automatic;
				CURRENT_PROJECT_VERSION = 1;
				DEVELOPMENT_TEAM = WY76NT69SQ;
				GENERATE_INFOPLIST_FILE = YES;
				INFOPLIST_FILE = UITableViewCustomCellStoryBoard/Info.plist;
				INFOPLIST_KEY_UIApplicationSupportsIndirectInputEvents = YES;
				INFOPLIST_KEY_UILaunchStoryboardName = LaunchScreen;
				INFOPLIST_KEY_UIMainStoryboardFile = Main;
				INFOPLIST_KEY_UISupportedInterfaceOrientations_iPad = "UIInterfaceOrientationPortrait UIInterfaceOrientationPortraitUpsideDown UIInterfaceOrientationLandscapeLeft UIInterfaceOrientationLandscapeRight";
				INFOPLIST_KEY_UISupportedInterfaceOrientations_iPhone = "UIInterfaceOrientationPortrait UIInterfaceOrientationLandscapeLeft UIInterfaceOrientationLandscapeRight";
				LD_RUNPATH_SEARCH_PATHS = (
					"$(inherited)",
					"@executable_path/Frameworks",
				);
				MARKETING_VERSION = 1.0;
				PRODUCT_BUNDLE_IDENTIFIER = com.example.UITableViewCustomCellStoryBoard;
				PRODUCT_NAME = "$(TARGET_NAME)";
				SWIFT_EMIT_LOC_STRINGS = YES;
				SWIFT_VERSION = 5.0;
				TARGETED_DEVICE_FAMILY = "1,2";
			};
			name = Debug;
		};
		3C5027B42C30520E00A493F2 /* Release */ = {
			isa = XCBuildConfiguration;
			buildSettings = {
				ASSETCATALOG_COMPILER_APPICON_NAME = AppIcon;
				ASSETCATALOG_COMPILER_GLOBAL_ACCENT_COLOR_NAME = AccentColor;
				CODE_SIGN_STYLE = Automatic;
				CURRENT_PROJECT_VERSION = 1;
				DEVELOPMENT_TEAM = WY76NT69SQ;
				GENERATE_INFOPLIST_FILE = YES;
				INFOPLIST_FILE = UITableViewCustomCellStoryBoard/Info.plist;
				INFOPLIST_KEY_UIApplicationSupportsIndirectInputEvents = YES;
				INFOPLIST_KEY_UILaunchStoryboardName = LaunchScreen;
				INFOPLIST_KEY_UIMainStoryboardFile = Main;
				INFOPLIST_KEY_UISupportedInterfaceOrientations_iPad = "UIInterfaceOrientationPortrait UIInterfaceOrientationPortraitUpsideDown UIInterfaceOrientationLandscapeLeft UIInterfaceOrientationLandscapeRight";
				INFOPLIST_KEY_UISupportedInterfaceOrientations_iPhone = "UIInterfaceOrientationPortrait UIInterfaceOrientationLandscapeLeft UIInterfaceOrientationLandscapeRight";
				LD_RUNPATH_SEARCH_PATHS = (
					"$(inherited)",
					"@executable_path/Frameworks",
				);
				MARKETING_VERSION = 1.0;
				PRODUCT_BUNDLE_IDENTIFIER = com.example.UITableViewCustomCellStoryBoard;
				PRODUCT_NAME = "$(TARGET_NAME)";
				SWIFT_EMIT_LOC_STRINGS = YES;
				SWIFT_VERSION = 5.0;
				TARGETED_DEVICE_FAMILY = "1,2";
			};
			name = Release;
		};
		3C5027B62C30520E00A493F2 /* Debug */ = {
			isa = XCBuildConfiguration;
			buildSettings = {
				ALWAYS_EMBED_SWIFT_STANDARD_LIBRARIES = YES;
				BUNDLE_LOADER = "$(TEST_HOST)";
				CODE_SIGN_STYLE = Automatic;
				CURRENT_PROJECT_VERSION = 1;
				DEVELOPMENT_TEAM = WY76NT69SQ;
				GENERATE_INFOPLIST_FILE = YES;
				IPHONEOS_DEPLOYMENT_TARGET = 17.5;
				MARKETING_VERSION = 1.0;
				PRODUCT_BUNDLE_IDENTIFIER = com.example.UITableViewCustomCellStoryBoardTests;
				PRODUCT_NAME = "$(TARGET_NAME)";
				SWIFT_EMIT_LOC_STRINGS = NO;
				SWIFT_VERSION = 5.0;
				TARGETED_DEVICE_FAMILY = "1,2";
				TEST_HOST = "$(BUILT_PRODUCTS_DIR)/UITableViewCustomCellStoryBoard.app/$(BUNDLE_EXECUTABLE_FOLDER_PATH)/UITableViewCustomCellStoryBoard";
			};
			name = Debug;
		};
		3C5027B72C30520E00A493F2 /* Release */ = {
			isa = XCBuildConfiguration;
			buildSettings = {
				ALWAYS_EMBED_SWIFT_STANDARD_LIBRARIES = YES;
				BUNDLE_LOADER = "$(TEST_HOST)";
				CODE_SIGN_STYLE = Automatic;
				CURRENT_PROJECT_VERSION = 1;
				DEVELOPMENT_TEAM = WY76NT69SQ;
				GENERATE_INFOPLIST_FILE = YES;
				IPHONEOS_DEPLOYMENT_TARGET = 17.5;
				MARKETING_VERSION = 1.0;
				PRODUCT_BUNDLE_IDENTIFIER = com.example.UITableViewCustomCellStoryBoardTests;
				PRODUCT_NAME = "$(TARGET_NAME)";
				SWIFT_EMIT_LOC_STRINGS = NO;
				SWIFT_VERSION = 5.0;
				TARGETED_DEVICE_FAMILY = "1,2";
				TEST_HOST = "$(BUILT_PRODUCTS_DIR)/UITableViewCustomCellStoryBoard.app/$(BUNDLE_EXECUTABLE_FOLDER_PATH)/UITableViewCustomCellStoryBoard";
			};
			name = Release;
		};
		3C5027B92C30520E00A493F2 /* Debug */ = {
			isa = XCBuildConfiguration;
			buildSettings = {
				ALWAYS_EMBED_SWIFT_STANDARD_LIBRARIES = YES;
				CODE_SIGN_STYLE = Automatic;
				CURRENT_PROJECT_VERSION = 1;
				DEVELOPMENT_TEAM = WY76NT69SQ;
				GENERATE_INFOPLIST_FILE = YES;
				MARKETING_VERSION = 1.0;
				PRODUCT_BUNDLE_IDENTIFIER = com.example.UITableViewCustomCellStoryBoardUITests;
				PRODUCT_NAME = "$(TARGET_NAME)";
				SWIFT_EMIT_LOC_STRINGS = NO;
				SWIFT_VERSION = 5.0;
				TARGETED_DEVICE_FAMILY = "1,2";
				TEST_TARGET_NAME = UITableViewCustomCellStoryBoard;
			};
			name = Debug;
		};
		3C5027BA2C30520E00A493F2 /* Release */ = {
			isa = XCBuildConfiguration;
			buildSettings = {
				ALWAYS_EMBED_SWIFT_STANDARD_LIBRARIES = YES;
				CODE_SIGN_STYLE = Automatic;
				CURRENT_PROJECT_VERSION = 1;
				DEVELOPMENT_TEAM = WY76NT69SQ;
				GENERATE_INFOPLIST_FILE = YES;
				MARKETING_VERSION = 1.0;
				PRODUCT_BUNDLE_IDENTIFIER = com.example.UITableViewCustomCellStoryBoardUITests;
				PRODUCT_NAME = "$(TARGET_NAME)";
				SWIFT_EMIT_LOC_STRINGS = NO;
				SWIFT_VERSION = 5.0;
				TARGETED_DEVICE_FAMILY = "1,2";
				TEST_TARGET_NAME = UITableViewCustomCellStoryBoard;
			};
			name = Release;
		};
/* End XCBuildConfiguration section */

/* Begin XCConfigurationList section */
		3C5027832C30520C00A493F2 /* Build configuration list for PBXProject "UITableViewCustomCellStoryBoard" */ = {
			isa = XCConfigurationList;
			buildConfigurations = (
				3C5027B02C30520E00A493F2 /* Debug */,
				3C5027B12C30520E00A493F2 /* Release */,
			);
			defaultConfigurationIsVisible = 0;
			defaultConfigurationName = Release;
		};
		3C5027B22C30520E00A493F2 /* Build configuration list for PBXNativeTarget "UITableViewCustomCellStoryBoard" */ = {
			isa = XCConfigurationList;
			buildConfigurations = (
				3C5027B32C30520E00A493F2 /* Debug */,
				3C5027B42C30520E00A493F2 /* Release */,
			);
			defaultConfigurationIsVisible = 0;
			defaultConfigurationName = Release;
		};
		3C5027B52C30520E00A493F2 /* Build configuration list for PBXNativeTarget "UITableViewCustomCellStoryBoardTests" */ = {
			isa = XCConfigurationList;
			buildConfigurations = (
				3C5027B62C30520E00A493F2 /* Debug */,
				3C5027B72C30520E00A493F2 /* Release */,
			);
			defaultConfigurationIsVisible = 0;
			defaultConfigurationName = Release;
		};
		3C5027B82C30520E00A493F2 /* Build configuration list for PBXNativeTarget "UITableViewCustomCellStoryBoardUITests" */ = {
			isa = XCConfigurationList;
			buildConfigurations = (
				3C5027B92C30520E00A493F2 /* Debug */,
				3C5027BA2C30520E00A493F2 /* Release */,
			);
			defaultConfigurationIsVisible = 0;
			defaultConfigurationName = Release;
		};
/* End XCConfigurationList section */
	};
	rootObject = 3C5027802C30520C00A493F2 /* Project object */;
}
